
Microsoft Visual Studio Solution File, Format Version 12.00
# Visual Studio 15
VisualStudioVersion = 15.0.28010.2041
MinimumVisualStudioVersion = 10.0.40219.1
Project("{888888A0-9F3D-457C-B088-3A5042F75D52}") = "Pythn_KI_GUI", "Pythn_KI_GUI\Pythn_KI_GUI.pyproj", "{E102A094-ADBA-454F-912E-1A0A1FB344DA}"
EndProject
Global
	GlobalSection(SolutionConfigurationPlatforms) = preSolution
		Debug|Any CPU = Debug|Any CPU
		Release|Any CPU = Release|Any CPU
	EndGlobalSection
	GlobalSection(ProjectConfigurationPlatforms) = postSolution
		{E102A094-ADBA-454F-912E-1A0A1FB344DA}.Debug|Any CPU.ActiveCfg = Debug|Any CPU
		{E102A094-ADBA-454F-912E-1A0A1FB344DA}.Release|Any CPU.ActiveCfg = Release|Any CPU
	EndGlobalSection
	GlobalSection(SolutionProperties) = preSolution
		HideSolutionNode = FALSE
	EndGlobalSection
	GlobalSection(ExtensibilityGlobals) = postSolution
		SolutionGuid = {55EF76FE-950A-42F3-9181-CDB7E5AE3B3E}
	EndGlobalSection
EndGlobal
